
Microsoft Visual Studio Solution File, Format Version 12.00
# Visual Studio 2013
VisualStudioVersion = 12.0.21005.1
MinimumVisualStudioVersion = 10.0.40219.1
Project("{8BC9CEB8-8B4A-11D0-8D11-00A0C91BC942}") = "STEPNCMaster", "STEPNCMaster\STEPNCMaster.vcxproj", "{98A5E404-84D0-4FA9-9734-6DE27088FFFB}"
EndProject
Project("{8BC9CEB8-8B4A-11D0-8D11-00A0C91BC942}") = "featureInfo_Gter", "featureInfo_Gter\featureInfo_Gter.vcxproj", "{B12702AD-ABFB-343A-A199-8E24837244A3}"
EndProject
Project("{8BC9CEB8-8B4A-11D0-8D11-00A0C91BC942}") = "export_FeatureDll", "export_FeatureDll\export_FeatureDll.vcxproj", "{928D4BA8-AB33-4093-A6B0-DD26C6E1570D}"
EndProject
Project("{8BC9CEB8-8B4A-11D0-8D11-00A0C91BC942}") = "RoundHoleModelGter", "RoundHoleModelGetr\RoundHoleModelGetr.vcxproj", "{7E774ABD-7CDB-405F-BFFC-19B68C1EAB08}"
EndProject
Global
	GlobalSection(SolutionConfigurationPlatforms) = preSolution
		Debug Dll|Win32 = Debug Dll|Win32
		Debug|Win32 = Debug|Win32
		Release|Win32 = Release|Win32
		Released Dll|Win32 = Released Dll|Win32
	EndGlobalSection
	GlobalSection(ProjectConfigurationPlatforms) = postSolution
		{98A5E404-84D0-4FA9-9734-6DE27088FFFB}.Debug Dll|Win32.ActiveCfg = Debug Dll|Win32
		{98A5E404-84D0-4FA9-9734-6DE27088FFFB}.Debug Dll|Win32.Build.0 = Debug Dll|Win32
		{98A5E404-84D0-4FA9-9734-6DE27088FFFB}.Debug|Win32.ActiveCfg = Debug|Win32
		{98A5E404-84D0-4FA9-9734-6DE27088FFFB}.Debug|Win32.Build.0 = Debug|Win32
		{98A5E404-84D0-4FA9-9734-6DE27088FFFB}.Release|Win32.ActiveCfg = Release|Win32
		{98A5E404-84D0-4FA9-9734-6DE27088FFFB}.Release|Win32.Build.0 = Release|Win32
		{98A5E404-84D0-4FA9-9734-6DE27088FFFB}.Released Dll|Win32.ActiveCfg = Released Dll|Win32
		{98A5E404-84D0-4FA9-9734-6DE27088FFFB}.Released Dll|Win32.Build.0 = Released Dll|Win32
		{B12702AD-ABFB-343A-A199-8E24837244A3}.Debug Dll|Win32.ActiveCfg = Debug|Win32
		{B12702AD-ABFB-343A-A199-8E24837244A3}.Debug Dll|Win32.Build.0 = Debug|Win32
		{B12702AD-ABFB-343A-A199-8E24837244A3}.Debug|Win32.ActiveCfg = Debug|Win32
		{B12702AD-ABFB-343A-A199-8E24837244A3}.Debug|Win32.Build.0 = Debug|Win32
		{B12702AD-ABFB-343A-A199-8E24837244A3}.Release|Win32.ActiveCfg = Release|Win32
		{B12702AD-ABFB-343A-A199-8E24837244A3}.Release|Win32.Build.0 = Release|Win32
		{B12702AD-ABFB-343A-A199-8E24837244A3}.Released Dll|Win32.ActiveCfg = Release|Win32
		{B12702AD-ABFB-343A-A199-8E24837244A3}.Released Dll|Win32.Build.0 = Release|Win32
		{928D4BA8-AB33-4093-A6B0-DD26C6E1570D}.Debug Dll|Win32.ActiveCfg = Debug|Win32
		{928D4BA8-AB33-4093-A6B0-DD26C6E1570D}.Debug Dll|Win32.Build.0 = Debug|Win32
		{928D4BA8-AB33-4093-A6B0-DD26C6E1570D}.Debug|Win32.ActiveCfg = Debug|Win32
		{928D4BA8-AB33-4093-A6B0-DD26C6E1570D}.Debug|Win32.Build.0 = Debug|Win32
		{928D4BA8-AB33-4093-A6B0-DD26C6E1570D}.Release|Win32.ActiveCfg = Release|Win32
		{928D4BA8-AB33-4093-A6B0-DD26C6E1570D}.Release|Win32.Build.0 = Release|Win32
		{928D4BA8-AB33-4093-A6B0-DD26C6E1570D}.Released Dll|Win32.ActiveCfg = Release|Win32
		{928D4BA8-AB33-4093-A6B0-DD26C6E1570D}.Released Dll|Win32.Build.0 = Release|Win32
		{7E774ABD-7CDB-405F-BFFC-19B68C1EAB08}.Debug Dll|Win32.ActiveCfg = Debug|Win32
		{7E774ABD-7CDB-405F-BFFC-19B68C1EAB08}.Debug Dll|Win32.Build.0 = Debug|Win32
		{7E774ABD-7CDB-405F-BFFC-19B68C1EAB08}.Debug|Win32.ActiveCfg = Debug|Win32
		{7E774ABD-7CDB-405F-BFFC-19B68C1EAB08}.Debug|Win32.Build.0 = Debug|Win32
		{7E774ABD-7CDB-405F-BFFC-19B68C1EAB08}.Release|Win32.ActiveCfg = Release|Win32
		{7E774ABD-7CDB-405F-BFFC-19B68C1EAB08}.Release|Win32.Build.0 = Release|Win32
		{7E774ABD-7CDB-405F-BFFC-19B68C1EAB08}.Released Dll|Win32.ActiveCfg = Release|Win32
		{7E774ABD-7CDB-405F-BFFC-19B68C1EAB08}.Released Dll|Win32.Build.0 = Release|Win32
	EndGlobalSection
	GlobalSection(SolutionProperties) = preSolution
		HideSolutionNode = FALSE
	EndGlobalSection
EndGlobal
